
Microsoft Visual Studio Solution File, Format Version 12.00
# Visual Studio Version 17
VisualStudioVersion = 17.14.36202.13 d17.14
MinimumVisualStudioVersion = 10.0.40219.1
Project("{FAE04EC0-301F-11D3-BF4B-00C04F79EFBC}") = "InvestmentPortfolioManagementApp", "InvestmentPortfolioManagementApp\InvestmentPortfolioManagementApp.csproj", "{27274F9A-3B70-4096-A218-048882EB310D}"
EndProject
Global
	GlobalSection(SolutionConfigurationPlatforms) = preSolution
		Debug|Any CPU = Debug|Any CPU
		Release|Any CPU = Release|Any CPU
	EndGlobalSection
	GlobalSection(ProjectConfigurationPlatforms) = postSolution
		{27274F9A-3B70-4096-A218-048882EB310D}.Debug|Any CPU.ActiveCfg = Debug|Any CPU
		{27274F9A-3B70-4096-A218-048882EB310D}.Debug|Any CPU.Build.0 = Debug|Any CPU
		{27274F9A-3B70-4096-A218-048882EB310D}.Release|Any CPU.ActiveCfg = Release|Any CPU
		{27274F9A-3B70-4096-A218-048882EB310D}.Release|Any CPU.Build.0 = Release|Any CPU
	EndGlobalSection
	GlobalSection(SolutionProperties) = preSolution
		HideSolutionNode = FALSE
	EndGlobalSection
	GlobalSection(ExtensibilityGlobals) = postSolution
		SolutionGuid = {67269DAF-88BD-49D1-AFF7-32B032956B45}
	EndGlobalSection
EndGlobal
